{
  "name": "portfolio",
  "version": "1.0.0",
  "lockfileVersion": 3,
  "requires": true,
  "packages": {
    "": {
      "name": "portfolio",
      "version": "1.0.0",
      "engines": {
        "node": ">=24.0.0"
      },
      "dependencies": {
        "astro": "^4.13.0",
        "svelte": "^5.0.0"
      },
      "devDependencies": {
        "@astrojs/svelte": "^4.0.0",
        "gh-pages": "^6.1.1"
      }
    },
    "node_modules/@astrojs/svelte": {
      "version": "4.0.0",
      "resolved": "https://registry.npmjs.org/@astrojs/svelte/-/svelte-4.0.0.tgz",
      "integrity": "sha512-XeX3TpXVzH4kVXgBT0lnDiHzC2Yg7Q7U9RkQRCKRSuRWCxYG7OPFa5a0A8rVvzCk+7mYbK8sIYm3gqjJwvJA==",
      "dev": true,
      "peerDependencies": {
        "astro": "^4.0.0",
        "svelte": "^3.54.0 || ^4.0.0 || ^5.0.0"
      }
    },
    "node_modules/astro": {
      "version": "4.13.0",
      "resolved": "https://registry.npmjs.org/astro/-/astro-4.13.0.tgz",
      "integrity": "sha512-XeX3TpXVzH4kVXgBT0lnDiHzC2Yg7Q7U9RkQRCKRSuRWCxYG7OPFa5a0A8rVvzCk+7mYbK8sIYm3gqjJwvJA==",
      "bin": {
        "astro": "astro.js"
      },
      "engines": {
        "node": ">=18.17.1",
        "npm": ">=9.6.5"
      }
    },
    "node_modules/gh-pages": {
      "version": "6.1.1",
      "resolved": "https://registry.npmjs.org/gh-pages/-/gh-pages-6.1.1.tgz",
      "integrity": "sha512-QyM2A0Z+o0lVVQ6lUJjA7Z0VhJuTkMPvI5a2OfLx4qDSLLs+5nzKDXBiH6L5B9Yh8xflIvSoGlqQW4m+/PX+A==",
      "dev": true,
      "engines": {
        "node": ">=16.3.0"
      }
    },
    "node_modules/svelte": {
      "version": "5.0.0",
      "resolved": "https://registry.npmjs.org/svelte/-/svelte-5.0.0.tgz",
      "integrity": "sha512-qJT3yE1kxQkS2jVJVYLqwqXVzWp0/HzC8FkbR0E8Nj6Y6n/5cflz8M7g0i2BKvqO6XvdXtv08fJhxNhLNa0wA==",
      "engines": {
        "node": ">=17"
      }
    }
  }
}
