{
  "name": "portfolio",
  "version": "1.0.0",
  "lockfileVersion": 3,
  "requires": true,
  "packages": {
    "": {
      "name": "portfolio",
      "version": "1.0.0",
      "engines": {
        "node": ">=24.0.0"
      },
      "dependencies": {
        "astro": "^4.13.0",
        "svelte": "^5.0.0"
      },
      "devDependencies": {
        "@astrojs/svelte": "^4.0.0",
        "gh-pages": "^6.1.1"
      }
    },
    "node_modules/astro": {
      "version": "4.13.0",
      "resolved": "https://registry.npmjs.org/astro/-/astro-4.13.0.tgz"
    },
    "node_modules/svelte": {
      "version": "5.0.0",
      "resolved": "https://registry.npmjs.org/svelte/-/svelte-5.0.0.tgz"
    },
    "node_modules/@astrojs/svelte": {
      "version": "4.0.0",
      "resolved": "https://registry.npmjs.org/@astrojs/svelte/-/svelte-4.0.0.tgz"
    },
    "node_modules/gh-pages": {
      "version": "6.1.1",
      "resolved": "https://registry.npmjs.org/gh-pages/-/gh-pages-6.1.1.tgz"
    }
  }
}
